// !$*UTF8*$!
{
	archiveVersion = 1;
	classes = {
	};
	objectVersion = 46;
	objects = {

/* Begin PBXBuildFile section */
		E082DEE31D5C7336009F743D /* main.m in Sources */ = {isa = PBXBuildFile; fileRef = E082DEE21D5C7336009F743D /* main.m */; };
		E082DEE61D5C7336009F743D /* AppDelegate.m in Sources */ = {isa = PBXBuildFile; fileRef = E082DEE51D5C7336009F743D /* AppDelegate.m */; };
		E082DEE91D5C7336009F743D /* ViewController.m in Sources */ = {isa = PBXBuildFile; fileRef = E082DEE81D5C7336009F743D /* ViewController.m */; };
		E082DEEC1D5C7337009F743D /* Main.storyboard in Resources */ = {isa = PBXBuildFile; fileRef = E082DEEA1D5C7337009F743D /* Main.storyboard */; };
		E082DEEE1D5C7337009F743D /* Assets.xcassets in Resources */ = {isa = PBXBuildFile; fileRef = E082DEED1D5C7337009F743D /* Assets.xcassets */; };
		E082DEF11D5C7337009F743D /* LaunchScreen.storyboard in Resources */ = {isa = PBXBuildFile; fileRef = E082DEEF1D5C7337009F743D /* LaunchScreen.storyboard */; };
		E082DEFC1D5C7339009F743D /* RNDrawDemoTests.m in Sources */ = {isa = PBXBuildFile; fileRef = E082DEFB1D5C7339009F743D /* RNDrawDemoTests.m */; };
		E082DF071D5C7339009F743D /* RNDrawDemoUITests.m in Sources */ = {isa = PBXBuildFile; fileRef = E082DF061D5C7339009F743D /* RNDrawDemoUITests.m */; };
		E082DF161D5C74C1009F743D /* RNBezierPathView.m in Sources */ = {isa = PBXBuildFile; fileRef = E082DF151D5C74C1009F743D /* RNBezierPathView.m */; };
/* End PBXBuildFile section */

/* Begin PBXContainerItemProxy section */
		E082DEF81D5C7339009F743D /* PBXContainerItemProxy */ = {
			isa = PBXContainerItemProxy;
			containerPortal = E082DED61D5C7335009F743D /* Project object */;
			proxyType = 1;
			remoteGlobalIDString = E082DEDD1D5C7335009F743D;
			remoteInfo = RNDrawDemo;
		};
		E082DF031D5C7339009F743D /* PBXContainerItemProxy */ = {
			isa = PBXContainerItemProxy;
			containerPortal = E082DED61D5C7335009F743D /* Project object */;
			proxyType = 1;
			remoteGlobalIDString = E082DEDD1D5C7335009F743D;
			remoteInfo = RNDrawDemo;
		};
/* End PBXContainerItemProxy section */

/* Begin PBXFileReference section */
		E082DEDE1D5C7336009F743D /* RNDrawDemo.app */ = {isa = PBXFileReference; explicitFileType = wrapper.application; includeInIndex = 0; path = RNDrawDemo.app; sourceTree = BUILT_PRODUCTS_DIR; };
		E082DEE21D5C7336009F743D /* main.m */ = {isa = PBXFileReference; lastKnownFileType = sourcecode.c.objc; path = main.m; sourceTree = "<group>"; };
		E082DEE41D5C7336009F743D /* AppDelegate.h */ = {isa = PBXFileReference; lastKnownFileType = sourcecode.c.h; path = AppDelegate.h; sourceTree = "<group>"; };
		E082DEE51D5C7336009F743D /* AppDelegate.m */ = {isa = PBXFileReference; lastKnownFileType = sourcecode.c.objc; path = AppDelegate.m; sourceTree = "<group>"; };
		E082DEE71D5C7336009F743D /* ViewController.h */ = {isa = PBXFileReference; lastKnownFileType = sourcecode.c.h; path = ViewController.h; sourceTree = "<group>"; };
		E082DEE81D5C7336009F743D /* ViewController.m */ = {isa = PBXFileReference; lastKnownFileType = sourcecode.c.objc; path = ViewController.m; sourceTree = "<group>"; };
		E082DEEB1D5C7337009F743D /* Base */ = {isa = PBXFileReference; lastKnownFileType = file.storyboard; name = Base; path = Base.lproj/Main.storyboard; sourceTree = "<group>"; };
		E082DEED1D5C7337009F743D /* Assets.xcassets */ = {isa = PBXFileReference; lastKnownFileType = folder.assetcatalog; path = Assets.xcassets; sourceTree = "<group>"; };
		E082DEF01D5C7337009F743D /* Base */ = {isa = PBXFileReference; lastKnownFileType = file.storyboard; name = Base; path = Base.lproj/LaunchScreen.storyboard; sourceTree = "<group>"; };
		E082DEF21D5C7337009F743D /* Info.plist */ = {isa = PBXFileReference; lastKnownFileType = text.plist.xml; path = Info.plist; sourceTree = "<group>"; };
		E082DEF71D5C7339009F743D /* RNDrawDemoTests.xctest */ = {isa = PBXFileReference; explicitFileType = wrapper.cfbundle; includeInIndex = 0; path = RNDrawDemoTests.xctest; sourceTree = BUILT_PRODUCTS_DIR; };
		E082DEFB1D5C7339009F743D /* RNDrawDemoTests.m */ = {isa = PBXFileReference; lastKnownFileType = sourcecode.c.objc; path = RNDrawDemoTests.m; sourceTree = "<group>"; };
		E082DEFD1D5C7339009F743D /* Info.plist */ = {isa = PBXFileReference; lastKnownFileType = text.plist.xml; path = Info.plist; sourceTree = "<group>"; };
		E082DF021D5C7339009F743D /* RNDrawDemoUITests.xctest */ = {isa = PBXFileReference; explicitFileType = wrapper.cfbundle; includeInIndex = 0; path = RNDrawDemoUITests.xctest; sourceTree = BUILT_PRODUCTS_DIR; };
		E082DF061D5C7339009F743D /* RNDrawDemoUITests.m */ = {isa = PBXFileReference; lastKnownFileType = sourcecode.c.objc; path = RNDrawDemoUITests.m; sourceTree = "<group>"; };
		E082DF081D5C7339009F743D /* Info.plist */ = {isa = PBXFileReference; lastKnownFileType = text.plist.xml; path = Info.plist; sourceTree = "<group>"; };
		E082DF141D5C74C1009F743D /* RNBezierPathView.h */ = {isa = PBXFileReference; fileEncoding = 4; lastKnownFileType = sourcecode.c.h; path = RNBezierPathView.h; sourceTree = "<group>"; };
		E082DF151D5C74C1009F743D /* RNBezierPathView.m */ = {isa = PBXFileReference; fileEncoding = 4; lastKnownFileType = sourcecode.c.objc; path = RNBezierPathView.m; sourceTree = "<group>"; };
/* End PBXFileReference section */

/* Begin PBXFrameworksBuildPhase section */
		E082DEDB1D5C7335009F743D /* Frameworks */ = {
			isa = PBXFrameworksBuildPhase;
			buildActionMask = 2147483647;
			files = (
			);
			runOnlyForDeploymentPostprocessing = 0;
		};
		E082DEF41D5C7339009F743D /* Frameworks */ = {
			isa = PBXFrameworksBuildPhase;
			buildActionMask = 2147483647;
			files = (
			);
			runOnlyForDeploymentPostprocessing = 0;
		};
		E082DEFF1D5C7339009F743D /* Frameworks */ = {
			isa = PBXFrameworksBuildPhase;
			buildActionMask = 2147483647;
			files = (
			);
			runOnlyForDeploymentPostprocessing = 0;
		};
/* End PBXFrameworksBuildPhase section */

/* Begin PBXGroup section */
		E082DED51D5C7335009F743D = {
			isa = PBXGroup;
			children = (
				E082DEE01D5C7336009F743D /* RNDrawDemo */,
				E082DEFA1D5C7339009F743D /* RNDrawDemoTests */,
				E082DF051D5C7339009F743D /* RNDrawDemoUITests */,
				E082DEDF1D5C7336009F743D /* Products */,
			);
			sourceTree = "<group>";
		};
		E082DEDF1D5C7336009F743D /* Products */ = {
			isa = PBXGroup;
			children = (
				E082DEDE1D5C7336009F743D /* RNDrawDemo.app */,
				E082DEF71D5C7339009F743D /* RNDrawDemoTests.xctest */,
				E082DF021D5C7339009F743D /* RNDrawDemoUITests.xctest */,
			);
			name = Products;
			sourceTree = "<group>";
		};
		E082DEE01D5C7336009F743D /* RNDrawDemo */ = {
			isa = PBXGroup;
			children = (
				E082DEE41D5C7336009F743D /* AppDelegate.h */,
				E082DEE51D5C7336009F743D /* AppDelegate.m */,
				E082DEE71D5C7336009F743D /* ViewController.h */,
				E082DEE81D5C7336009F743D /* ViewController.m */,
				E082DF141D5C74C1009F743D /* RNBezierPathView.h */,
				E082DF151D5C74C1009F743D /* RNBezierPathView.m */,
				E082DEEA1D5C7337009F743D /* Main.storyboard */,
				E082DEED1D5C7337009F743D /* Assets.xcassets */,
				E082DEEF1D5C7337009F743D /* LaunchScreen.storyboard */,
				E082DEF21D5C7337009F743D /* Info.plist */,
				E082DEE11D5C7336009F743D /* Supporting Files */,
			);
			path = RNDrawDemo;
			sourceTree = "<group>";
		};
		E082DEE11D5C7336009F743D /* Supporting Files */ = {
			isa = PBXGroup;
			children = (
				E082DEE21D5C7336009F743D /* main.m */,
			);
			name = "Supporting Files";
			sourceTree = "<group>";
		};
		E082DEFA1D5C7339009F743D /* RNDrawDemoTests */ = {
			isa = PBXGroup;
			children = (
				E082DEFB1D5C7339009F743D /* RNDrawDemoTests.m */,
				E082DEFD1D5C7339009F743D /* Info.plist */,
			);
			path = RNDrawDemoTests;
			sourceTree = "<group>";
		};
		E082DF051D5C7339009F743D /* RNDrawDemoUITests */ = {
			isa = PBXGroup;
			children = (
				E082DF061D5C7339009F743D /* RNDrawDemoUITests.m */,
				E082DF081D5C7339009F743D /* Info.plist */,
			);
			path = RNDrawDemoUITests;
			sourceTree = "<group>";
		};
/* End PBXGroup section */

/* Begin PBXNativeTarget section */
		E082DEDD1D5C7335009F743D /* RNDrawDemo */ = {
			isa = PBXNativeTarget;
			buildConfigurationList = E082DF0B1D5C7339009F743D /* Build configuration list for PBXNativeTarget "RNDrawDemo" */;
			buildPhases = (
				E082DEDA1D5C7335009F743D /* Sources */,
				E082DEDB1D5C7335009F743D /* Frameworks */,
				E082DEDC1D5C7335009F743D /* Resources */,
			);
			buildRules = (
			);
			dependencies = (
			);
			name = RNDrawDemo;
			productName = RNDrawDemo;
			productReference = E082DEDE1D5C7336009F743D /* RNDrawDemo.app */;
			productType = "com.apple.product-type.application";
		};
		E082DEF61D5C7339009F743D /* RNDrawDemoTests */ = {
			isa = PBXNativeTarget;
			buildConfigurationList = E082DF0E1D5C7339009F743D /* Build configuration list for PBXNativeTarget "RNDrawDemoTests" */;
			buildPhases = (
				E082DEF31D5C7339009F743D /* Sources */,
				E082DEF41D5C7339009F743D /* Frameworks */,
				E082DEF51D5C7339009F743D /* Resources */,
			);
			buildRules = (
			);
			dependencies = (
				E082DEF91D5C7339009F743D /* PBXTargetDependency */,
			);
			name = RNDrawDemoTests;
			productName = RNDrawDemoTests;
			productReference = E082DEF71D5C7339009F743D /* RNDrawDemoTests.xctest */;
			productType = "com.apple.product-type.bundle.unit-test";
		};
		E082DF011D5C7339009F743D /* RNDrawDemoUITests */ = {
			isa = PBXNativeTarget;
			buildConfigurationList = E082DF111D5C7339009F743D /* Build configuration list for PBXNativeTarget "RNDrawDemoUITests" */;
			buildPhases = (
				E082DEFE1D5C7339009F743D /* Sources */,
				E082DEFF1D5C7339009F743D /* Frameworks */,
				E082DF001D5C7339009F743D /* Resources */,
			);
			buildRules = (
			);
			dependencies = (
				E082DF041D5C7339009F743D /* PBXTargetDependency */,
			);
			name = RNDrawDemoUITests;
			productName = RNDrawDemoUITests;
			productReference = E082DF021D5C7339009F743D /* RNDrawDemoUITests.xctest */;
			productType = "com.apple.product-type.bundle.ui-testing";
		};
/* End PBXNativeTarget section */

/* Begin PBXProject section */
		E082DED61D5C7335009F743D /* Project object */ = {
			isa = PBXProject;
			attributes = {
				LastUpgradeCheck = 0730;
				ORGANIZATIONNAME = "婉卿容若";
				TargetAttributes = {
					E082DEDD1D5C7335009F743D = {
						CreatedOnToolsVersion = 7.3.1;
					};
					E082DEF61D5C7339009F743D = {
						CreatedOnToolsVersion = 7.3.1;
						TestTargetID = E082DEDD1D5C7335009F743D;
					};
					E082DF011D5C7339009F743D = {
						CreatedOnToolsVersion = 7.3.1;
						TestTargetID = E082DEDD1D5C7335009F743D;
					};
				};
			};
			buildConfigurationList = E082DED91D5C7335009F743D /* Build configuration list for PBXProject "RNDrawDemo" */;
			compatibilityVersion = "Xcode 3.2";
			developmentRegion = English;
			hasScannedForEncodings = 0;
			knownRegions = (
				en,
				Base,
			);
			mainGroup = E082DED51D5C7335009F743D;
			productRefGroup = E082DEDF1D5C7336009F743D /* Products */;
			projectDirPath = "";
			projectRoot = "";
			targets = (
				E082DEDD1D5C7335009F743D /* RNDrawDemo */,
				E082DEF61D5C7339009F743D /* RNDrawDemoTests */,
				E082DF011D5C7339009F743D /* RNDrawDemoUITests */,
			);
		};
/* End PBXProject section */

/* Begin PBXResourcesBuildPhase section */
		E082DEDC1D5C7335009F743D /* Resources */ = {
			isa = PBXResourcesBuildPhase;
			buildActionMask = 2147483647;
			files = (
				E082DEF11D5C7337009F743D /* LaunchScreen.storyboard in Resources */,
				E082DEEE1D5C7337009F743D /* Assets.xcassets in Resources */,
				E082DEEC1D5C7337009F743D /* Main.storyboard in Resources */,
			);
			runOnlyForDeploymentPostprocessing = 0;
		};
		E082DEF51D5C7339009F743D /* Resources */ = {
			isa = PBXResourcesBuildPhase;
			buildActionMask = 2147483647;
			files = (
			);
			runOnlyForDeploymentPostprocessing = 0;
		};
		E082DF001D5C7339009F743D /* Resources */ = {
			isa = PBXResourcesBuildPhase;
			buildActionMask = 2147483647;
			files = (
			);
			runOnlyForDeploymentPostprocessing = 0;
		};
/* End PBXResourcesBuildPhase section */

/* Begin PBXSourcesBuildPhase section */
		E082DEDA1D5C7335009F743D /* Sources */ = {
			isa = PBXSourcesBuildPhase;
			buildActionMask = 2147483647;
			files = (
				E082DEE91D5C7336009F743D /* ViewController.m in Sources */,
				E082DEE61D5C7336009F743D /* AppDelegate.m in Sources */,
				E082DF161D5C74C1009F743D /* RNBezierPathView.m in Sources */,
				E082DEE31D5C7336009F743D /* main.m in Sources */,
			);
			runOnlyForDeploymentPostprocessing = 0;
		};
		E082DEF31D5C7339009F743D /* Sources */ = {
			isa = PBXSourcesBuildPhase;
			buildActionMask = 2147483647;
			files = (
				E082DEFC1D5C7339009F743D /* RNDrawDemoTests.m in Sources */,
			);
			runOnlyForDeploymentPostprocessing = 0;
		};
		E082DEFE1D5C7339009F743D /* Sources */ = {
			isa = PBXSourcesBuildPhase;
			buildActionMask = 2147483647;
			files = (
				E082DF071D5C7339009F743D /* RNDrawDemoUITests.m in Sources */,
			);
			runOnlyForDeploymentPostprocessing = 0;
		};
/* End PBXSourcesBuildPhase section */

/* Begin PBXTargetDependency section */
		E082DEF91D5C7339009F743D /* PBXTargetDependency */ = {
			isa = PBXTargetDependency;
			target = E082DEDD1D5C7335009F743D /* RNDrawDemo */;
			targetProxy = E082DEF81D5C7339009F743D /* PBXContainerItemProxy */;
		};
		E082DF041D5C7339009F743D /* PBXTargetDependency */ = {
			isa = PBXTargetDependency;
			target = E082DEDD1D5C7335009F743D /* RNDrawDemo */;
			targetProxy = E082DF031D5C7339009F743D /* PBXContainerItemProxy */;
		};
/* End PBXTargetDependency section */

/* Begin PBXVariantGroup section */
		E082DEEA1D5C7337009F743D /* Main.storyboard */ = {
			isa = PBXVariantGroup;
			children = (
				E082DEEB1D5C7337009F743D /* Base */,
			);
			name = Main.storyboard;
			sourceTree = "<group>";
		};
		E082DEEF1D5C7337009F743D /* LaunchScreen.storyboard */ = {
			isa = PBXVariantGroup;
			children = (
				E082DEF01D5C7337009F743D /* Base */,
			);
			name = LaunchScreen.storyboard;
			sourceTree = "<group>";
		};
/* End PBXVariantGroup section */

/* Begin XCBuildConfiguration section */
		E082DF091D5C7339009F743D /* Debug */ = {
			isa = XCBuildConfiguration;
			buildSettings = {
				ALWAYS_SEARCH_USER_PATHS = NO;
				CLANG_ANALYZER_NONNULL = YES;
				CLANG_CXX_LANGUAGE_STANDARD = "gnu++0x";
				CLANG_CXX_LIBRARY = "libc++";
				CLANG_ENABLE_MODULES = YES;
				CLANG_ENABLE_OBJC_ARC = YES;
				CLANG_WARN_BOOL_CONVERSION = YES;
				CLANG_WARN_CONSTANT_CONVERSION = YES;
				CLANG_WARN_DIRECT_OBJC_ISA_USAGE = YES_ERROR;
				CLANG_WARN_EMPTY_BODY = YES;
				CLANG_WARN_ENUM_CONVERSION = YES;
				CLANG_WARN_INT_CONVERSION = YES;
				CLANG_WARN_OBJC_ROOT_CLASS = YES_ERROR;
				CLANG_WARN_UNREACHABLE_CODE = YES;
				CLANG_WARN__DUPLICATE_METHOD_MATCH = YES;
				"CODE_SIGN_IDENTITY[sdk=iphoneos*]" = "iPhone Developer";
				COPY_PHASE_STRIP = NO;
				DEBUG_INFORMATION_FORMAT = dwarf;
				ENABLE_STRICT_OBJC_MSGSEND = YES;
				ENABLE_TESTABILITY = YES;
				GCC_C_LANGUAGE_STANDARD = gnu99;
				GCC_DYNAMIC_NO_PIC = NO;
				GCC_NO_COMMON_BLOCKS = YES;
				GCC_OPTIMIZATION_LEVEL = 0;
				GCC_PREPROCESSOR_DEFINITIONS = (
					"DEBUG=1",
					"$(inherited)",
				);
				GCC_WARN_64_TO_32_BIT_CONVERSION = YES;
				GCC_WARN_ABOUT_RETURN_TYPE = YES_ERROR;
				GCC_WARN_UNDECLARED_SELECTOR = YES;
				GCC_WARN_UNINITIALIZED_AUTOS = YES_AGGRESSIVE;
				GCC_WARN_UNUSED_FUNCTION = YES;
				GCC_WARN_UNUSED_VARIABLE = YES;
				IPHONEOS_DEPLOYMENT_TARGET = 9.3;
				MTL_ENABLE_DEBUG_INFO = YES;
				ONLY_ACTIVE_ARCH = YES;
				SDKROOT = iphoneos;
				TARGETED_DEVICE_FAMILY = "1,2";
			};
			name = Debug;
		};
		E082DF0A1D5C7339009F743D /* Release */ = {
			isa = XCBuildConfiguration;
			buildSettings = {
				ALWAYS_SEARCH_USER_PATHS = NO;
				CLANG_ANALYZER_NONNULL = YES;
				CLANG_CXX_LANGUAGE_STANDARD = "gnu++0x";
				CLANG_CXX_LIBRARY = "libc++";
				CLANG_ENABLE_MODULES = YES;
				CLANG_ENABLE_OBJC_ARC = YES;
				CLANG_WARN_BOOL_CONVERSION = YES;
				CLANG_WARN_CONSTANT_CONVERSION = YES;
				CLANG_WARN_DIRECT_OBJC_ISA_USAGE = YES_ERROR;
				CLANG_WARN_EMPTY_BODY = YES;
				CLANG_WARN_ENUM_CONVERSION = YES;
				CLANG_WARN_INT_CONVERSION = YES;
				CLANG_WARN_OBJC_ROOT_CLASS = YES_ERROR;
				CLANG_WARN_UNREACHABLE_CODE = YES;
				CLANG_WARN__DUPLICATE_METHOD_MATCH = YES;
				"CODE_SIGN_IDENTITY[sdk=iphoneos*]" = "iPhone Developer";
				COPY_PHASE_STRIP = NO;
				DEBUG_INFORMATION_FORMAT = "dwarf-with-dsym";
				ENABLE_NS_ASSERTIONS = NO;
				ENABLE_STRICT_OBJC_MSGSEND = YES;
				GCC_C_LANGUAGE_STANDARD = gnu99;
				GCC_NO_COMMON_BLOCKS = YES;
				GCC_WARN_64_TO_32_BIT_CONVERSION = YES;
				GCC_WARN_ABOUT_RETURN_TYPE = YES_ERROR;
				GCC_WARN_UNDECLARED_SELECTOR = YES;
				GCC_WARN_UNINITIALIZED_AUTOS = YES_AGGRESSIVE;
				GCC_WARN_UNUSED_FUNCTION = YES;
				GCC_WARN_UNUSED_VARIABLE = YES;
				IPHONEOS_DEPLOYMENT_TARGET = 9.3;
				MTL_ENABLE_DEBUG_INFO = NO;
				SDKROOT = iphoneos;
				TARGETED_DEVICE_FAMILY = "1,2";
				VALIDATE_PRODUCT = YES;
			};
			name = Release;
		};
		E082DF0C1D5C7339009F743D /* Debug */ = {
			isa = XCBuildConfiguration;
			buildSettings = {
				ASSETCATALOG_COMPILER_APPICON_NAME = AppIcon;
				INFOPLIST_FILE = RNDrawDemo/Info.plist;
				LD_RUNPATH_SEARCH_PATHS = "$(inherited) @executable_path/Frameworks";
				PRODUCT_BUNDLE_IDENTIFIER = com.zhengwenxiang.RNDrawDemo;
				PRODUCT_NAME = "$(TARGET_NAME)";
			};
			name = Debug;
		};
		E082DF0D1D5C7339009F743D /* Release */ = {
			isa = XCBuildConfiguration;
			buildSettings = {
				ASSETCATALOG_COMPILER_APPICON_NAME = AppIcon;
				INFOPLIST_FILE = RNDrawDemo/Info.plist;
				LD_RUNPATH_SEARCH_PATHS = "$(inherited) @executable_path/Frameworks";
				PRODUCT_BUNDLE_IDENTIFIER = com.zhengwenxiang.RNDrawDemo;
				PRODUCT_NAME = "$(TARGET_NAME)";
			};
			name = Release;
		};
		E082DF0F1D5C7339009F743D /* Debug */ = {
			isa = XCBuildConfiguration;
			buildSettings = {
				BUNDLE_LOADER = "$(TEST_HOST)";
				INFOPLIST_FILE = RNDrawDemoTests/Info.plist;
				LD_RUNPATH_SEARCH_PATHS = "$(inherited) @executable_path/Frameworks @loader_path/Frameworks";
				PRODUCT_BUNDLE_IDENTIFIER = com.zhengwenxiang.RNDrawDemoTests;
				PRODUCT_NAME = "$(TARGET_NAME)";
				TEST_HOST = "$(BUILT_PRODUCTS_DIR)/RNDrawDemo.app/RNDrawDemo";
			};
			name = Debug;
		};
		E082DF101D5C7339009F743D /* Release */ = {
			isa = XCBuildConfiguration;
			buildSettings = {
				BUNDLE_LOADER = "$(TEST_HOST)";
				INFOPLIST_FILE = RNDrawDemoTests/Info.plist;
				LD_RUNPATH_SEARCH_PATHS = "$(inherited) @executable_path/Frameworks @loader_path/Frameworks";
				PRODUCT_BUNDLE_IDENTIFIER = com.zhengwenxiang.RNDrawDemoTests;
				PRODUCT_NAME = "$(TARGET_NAME)";
				TEST_HOST = "$(BUILT_PRODUCTS_DIR)/RNDrawDemo.app/RNDrawDemo";
			};
			name = Release;
		};
		E082DF121D5C7339009F743D /* Debug */ = {
			isa = XCBuildConfiguration;
			buildSettings = {
				INFOPLIST_FILE = RNDrawDemoUITests/Info.plist;
				LD_RUNPATH_SEARCH_PATHS = "$(inherited) @executable_path/Frameworks @loader_path/Frameworks";
				PRODUCT_BUNDLE_IDENTIFIER = com.zhengwenxiang.RNDrawDemoUITests;
				PRODUCT_NAME = "$(TARGET_NAME)";
				TEST_TARGET_NAME = RNDrawDemo;
			};
			name = Debug;
		};
		E082DF131D5C7339009F743D /* Release */ = {
			isa = XCBuildConfiguration;
			buildSettings = {
				INFOPLIST_FILE = RNDrawDemoUITests/Info.plist;
				LD_RUNPATH_SEARCH_PATHS = "$(inherited) @executable_path/Frameworks @loader_path/Frameworks";
				PRODUCT_BUNDLE_IDENTIFIER = com.zhengwenxiang.RNDrawDemoUITests;
				PRODUCT_NAME = "$(TARGET_NAME)";
				TEST_TARGET_NAME = RNDrawDemo;
			};
			name = Release;
		};
/* End XCBuildConfiguration section */

/* Begin XCConfigurationList section */
		E082DED91D5C7335009F743D /* Build configuration list for PBXProject "RNDrawDemo" */ = {
			isa = XCConfigurationList;
			buildConfigurations = (
				E082DF091D5C7339009F743D /* Debug */,
				E082DF0A1D5C7339009F743D /* Release */,
			);
			defaultConfigurationIsVisible = 0;
			defaultConfigurationName = Release;
		};
		E082DF0B1D5C7339009F743D /* Build configuration list for PBXNativeTarget "RNDrawDemo" */ = {
			isa = XCConfigurationList;
			buildConfigurations = (
				E082DF0C1D5C7339009F743D /* Debug */,
				E082DF0D1D5C7339009F743D /* Release */,
			);
			defaultConfigurationIsVisible = 0;
		};
		E082DF0E1D5C7339009F743D /* Build configuration list for PBXNativeTarget "RNDrawDemoTests" */ = {
			isa = XCConfigurationList;
			buildConfigurations = (
				E082DF0F1D5C7339009F743D /* Debug */,
				E082DF101D5C7339009F743D /* Release */,
			);
			defaultConfigurationIsVisible = 0;
		};
		E082DF111D5C7339009F743D /* Build configuration list for PBXNativeTarget "RNDrawDemoUITests" */ = {
			isa = XCConfigurationList;
			buildConfigurations = (
				E082DF121D5C7339009F743D /* Debug */,
				E082DF131D5C7339009F743D /* Release */,
			);
			defaultConfigurationIsVisible = 0;
		};
/* End XCConfigurationList section */
	};
	rootObject = E082DED61D5C7335009F743D /* Project object */;
}
